
Microsoft Visual Studio Solution File, Format Version 12.00
# Visual Studio Version 17
VisualStudioVersion = 17.7.34221.43
MinimumVisualStudioVersion = 10.0.40219.1
Project("{9A19103F-16F7-4668-BE54-9A1E7A4F7556}") = "Iciclecreek.Avalonia.Controls.Media", "Iciclecreek.Avalonia.Controls.Media\Iciclecreek.Avalonia.Controls.Media.csproj", "{7F2CEB8C-932F-4984-A2D9-6894DB7CEC1F}"
EndProject
Project("{9A19103F-16F7-4668-BE54-9A1E7A4F7556}") = "Sample", "Sample\Sample.csproj", "{0984020E-AACE-48A1-9657-853B29D89694}"
EndProject
Project("{9A19103F-16F7-4668-BE54-9A1E7A4F7556}") = "Sample.Desktop", "Sample.Desktop\Sample.Desktop.csproj", "{766B67E3-8D92-40F4-A81D-A6B10445CE7E}"
EndProject
Global
	GlobalSection(SolutionConfigurationPlatforms) = preSolution
		Debug|Any CPU = Debug|Any CPU
		Release|Any CPU = Release|Any CPU
	EndGlobalSection
	GlobalSection(ProjectConfigurationPlatforms) = postSolution
		{7F2CEB8C-932F-4984-A2D9-6894DB7CEC1F}.Debug|Any CPU.ActiveCfg = Debug|Any CPU
		{7F2CEB8C-932F-4984-A2D9-6894DB7CEC1F}.Debug|Any CPU.Build.0 = Debug|Any CPU
		{7F2CEB8C-932F-4984-A2D9-6894DB7CEC1F}.Release|Any CPU.ActiveCfg = Release|Any CPU
		{7F2CEB8C-932F-4984-A2D9-6894DB7CEC1F}.Release|Any CPU.Build.0 = Release|Any CPU
		{0984020E-AACE-48A1-9657-853B29D89694}.Debug|Any CPU.ActiveCfg = Debug|Any CPU
		{0984020E-AACE-48A1-9657-853B29D89694}.Debug|Any CPU.Build.0 = Debug|Any CPU
		{0984020E-AACE-48A1-9657-853B29D89694}.Release|Any CPU.ActiveCfg = Release|Any CPU
		{0984020E-AACE-48A1-9657-853B29D89694}.Release|Any CPU.Build.0 = Release|Any CPU
		{766B67E3-8D92-40F4-A81D-A6B10445CE7E}.Debug|Any CPU.ActiveCfg = Debug|Any CPU
		{766B67E3-8D92-40F4-A81D-A6B10445CE7E}.Debug|Any CPU.Build.0 = Debug|Any CPU
		{766B67E3-8D92-40F4-A81D-A6B10445CE7E}.Release|Any CPU.ActiveCfg = Release|Any CPU
		{766B67E3-8D92-40F4-A81D-A6B10445CE7E}.Release|Any CPU.Build.0 = Release|Any CPU
	EndGlobalSection
	GlobalSection(SolutionProperties) = preSolution
		HideSolutionNode = FALSE
	EndGlobalSection
	GlobalSection(ExtensibilityGlobals) = postSolution
		SolutionGuid = {40EE805D-0CA7-43B7-B4CF-9128D91E6116}
	EndGlobalSection
EndGlobal
